<?xml version="1.0" encoding="utf-8"?>
<Project ToolsVersion="16.0" xmlns="http://schemas.microsoft.com/developer/msbuild/2003">
  <ItemGroup>
    <ClCompile Include="C:\Users\Home\Documents\Tesis\LagoUVG\Geant4\PruebaKinich\KinichAhau\KinichAhau.cc">
      <Filter>Source Files</Filter>
    </ClCompile>
    <ClCompile Include="C:\Users\Home\Documents\Tesis\LagoUVG\Geant4\PruebaKinich\KinichAhau\src\KinichAhauActionInitialization.cc">
      <Filter>Source Files</Filter>
    </ClCompile>
    <ClCompile Include="C:\Users\Home\Documents\Tesis\LagoUVG\Geant4\PruebaKinich\KinichAhau\src\KinichAhauDetectorConstruction.cc">
      <Filter>Source Files</Filter>
    </ClCompile>
    <ClCompile Include="C:\Users\Home\Documents\Tesis\LagoUVG\Geant4\PruebaKinich\KinichAhau\src\KinichAhauPMTHit.cc">
      <Filter>Source Files</Filter>
    </ClCompile>
    <ClCompile Include="C:\Users\Home\Documents\Tesis\LagoUVG\Geant4\PruebaKinich\KinichAhau\src\KinichAhauPhysicsList.cc">
      <Filter>Source Files</Filter>
    </ClCompile>
    <ClCompile Include="C:\Users\Home\Documents\Tesis\LagoUVG\Geant4\PruebaKinich\KinichAhau\src\KinichAhauPhysicsListMessenger.cc">
      <Filter>Source Files</Filter>
    </ClCompile>
    <ClCompile Include="C:\Users\Home\Documents\Tesis\LagoUVG\Geant4\PruebaKinich\KinichAhau\src\KinichAhauPrimaryGeneratorAction.cc">
      <Filter>Source Files</Filter>
    </ClCompile>
    <ClCompile Include="C:\Users\Home\Documents\Tesis\LagoUVG\Geant4\PruebaKinich\KinichAhau\src\KinichAhauPrimaryGeneratorMessenger.cc">
      <Filter>Source Files</Filter>
    </ClCompile>
    <ClCompile Include="C:\Users\Home\Documents\Tesis\LagoUVG\Geant4\PruebaKinich\KinichAhau\src\KinichAhauRunAction.cc">
      <Filter>Source Files</Filter>
    </ClCompile>
    <ClCompile Include="C:\Users\Home\Documents\Tesis\LagoUVG\Geant4\PruebaKinich\KinichAhau\src\KinichAhauSensitiveDetector.cc">
      <Filter>Source Files</Filter>
    </ClCompile>
    <ClCompile Include="C:\Users\Home\Documents\Tesis\LagoUVG\Geant4\PruebaKinich\KinichAhau\src\KinichAhauStackingAction.cc">
      <Filter>Source Files</Filter>
    </ClCompile>
    <ClCompile Include="C:\Users\Home\Documents\Tesis\LagoUVG\Geant4\PruebaKinich\KinichAhau\src\KinichAhauSteppingAction.cc">
      <Filter>Source Files</Filter>
    </ClCompile>
    <ClCompile Include="C:\Users\Home\Documents\Tesis\LagoUVG\Geant4\PruebaKinich\KinichAhau\src\KinichAhauSteppingVerbose.cc">
      <Filter>Source Files</Filter>
    </ClCompile>
    <ClCompile Include="C:\Users\Home\Documents\Tesis\LagoUVG\Geant4\PruebaKinich\KinichAhau\src\KinichAhauUserTrackInformation.cc">
      <Filter>Source Files</Filter>
    </ClCompile>
    <ClCompile Include="C:\Users\Home\Documents\Tesis\LagoUVG\Geant4\PruebaKinich\KinichAhau\src\PhysicsList.cc">
      <Filter>Source Files</Filter>
    </ClCompile>
  </ItemGroup>
  <ItemGroup>
    <ClInclude Include="C:\Users\Home\Documents\Tesis\LagoUVG\Geant4\PruebaKinich\KinichAhau\include\DetectorConstruction.hh">
      <Filter>Header Files</Filter>
    </ClInclude>
    <ClInclude Include="C:\Users\Home\Documents\Tesis\LagoUVG\Geant4\PruebaKinich\KinichAhau\include\EventAction.hh">
      <Filter>Header Files</Filter>
    </ClInclude>
    <ClInclude Include="C:\Users\Home\Documents\Tesis\LagoUVG\Geant4\PruebaKinich\KinichAhau\include\HistoManager.hh">
      <Filter>Header Files</Filter>
    </ClInclude>
    <ClInclude Include="C:\Users\Home\Documents\Tesis\LagoUVG\Geant4\PruebaKinich\KinichAhau\include\KinichAhauActionInitialization.hh">
      <Filter>Header Files</Filter>
    </ClInclude>
    <ClInclude Include="C:\Users\Home\Documents\Tesis\LagoUVG\Geant4\PruebaKinich\KinichAhau\include\KinichAhauDetectorConstruction.hh">
      <Filter>Header Files</Filter>
    </ClInclude>
    <ClInclude Include="C:\Users\Home\Documents\Tesis\LagoUVG\Geant4\PruebaKinich\KinichAhau\include\KinichAhauPMTHit.hh">
      <Filter>Header Files</Filter>
    </ClInclude>
    <ClInclude Include="C:\Users\Home\Documents\Tesis\LagoUVG\Geant4\PruebaKinich\KinichAhau\include\KinichAhauPhysicsList.hh">
      <Filter>Header Files</Filter>
    </ClInclude>
    <ClInclude Include="C:\Users\Home\Documents\Tesis\LagoUVG\Geant4\PruebaKinich\KinichAhau\include\KinichAhauPhysicsListMessenger.hh">
      <Filter>Header Files</Filter>
    </ClInclude>
    <ClInclude Include="C:\Users\Home\Documents\Tesis\LagoUVG\Geant4\PruebaKinich\KinichAhau\include\KinichAhauPrimaryGeneratorAction.hh">
      <Filter>Header Files</Filter>
    </ClInclude>
    <ClInclude Include="C:\Users\Home\Documents\Tesis\LagoUVG\Geant4\PruebaKinich\KinichAhau\include\KinichAhauPrimaryGeneratorMessenger.hh">
      <Filter>Header Files</Filter>
    </ClInclude>
    <ClInclude Include="C:\Users\Home\Documents\Tesis\LagoUVG\Geant4\PruebaKinich\KinichAhau\include\KinichAhauRun.hh">
      <Filter>Header Files</Filter>
    </ClInclude>
    <ClInclude Include="C:\Users\Home\Documents\Tesis\LagoUVG\Geant4\PruebaKinich\KinichAhau\include\KinichAhauRunAction (2).hh">
      <Filter>Header Files</Filter>
    </ClInclude>
    <ClInclude Include="C:\Users\Home\Documents\Tesis\LagoUVG\Geant4\PruebaKinich\KinichAhau\include\KinichAhauRunAction.hh">
      <Filter>Header Files</Filter>
    </ClInclude>
    <ClInclude Include="C:\Users\Home\Documents\Tesis\LagoUVG\Geant4\PruebaKinich\KinichAhau\include\KinichAhauSensitiveDetector.hh">
      <Filter>Header Files</Filter>
    </ClInclude>
    <ClInclude Include="C:\Users\Home\Documents\Tesis\LagoUVG\Geant4\PruebaKinich\KinichAhau\include\KinichAhauStackingAction.hh">
      <Filter>Header Files</Filter>
    </ClInclude>
    <ClInclude Include="C:\Users\Home\Documents\Tesis\LagoUVG\Geant4\PruebaKinich\KinichAhau\include\KinichAhauSteppingAction.hh">
      <Filter>Header Files</Filter>
    </ClInclude>
    <ClInclude Include="C:\Users\Home\Documents\Tesis\LagoUVG\Geant4\PruebaKinich\KinichAhau\include\KinichAhauSteppingVerbose.hh">
      <Filter>Header Files</Filter>
    </ClInclude>
    <ClInclude Include="C:\Users\Home\Documents\Tesis\LagoUVG\Geant4\PruebaKinich\KinichAhau\include\KinichAhauUserTrackInformation.hh">
      <Filter>Header Files</Filter>
    </ClInclude>
    <ClInclude Include="C:\Users\Home\Documents\Tesis\LagoUVG\Geant4\PruebaKinich\KinichAhau\include\PhysListEmStandard.hh">
      <Filter>Header Files</Filter>
    </ClInclude>
    <ClInclude Include="C:\Users\Home\Documents\Tesis\LagoUVG\Geant4\PruebaKinich\KinichAhau\include\PhysicsList.hh">
      <Filter>Header Files</Filter>
    </ClInclude>
    <ClInclude Include="C:\Users\Home\Documents\Tesis\LagoUVG\Geant4\PruebaKinich\KinichAhau\include\PhysicsListMessenger.hh">
      <Filter>Header Files</Filter>
    </ClInclude>
    <ClInclude Include="C:\Users\Home\Documents\Tesis\LagoUVG\Geant4\PruebaKinich\KinichAhau\include\PrimaryGeneratorAction.hh">
      <Filter>Header Files</Filter>
    </ClInclude>
    <ClInclude Include="C:\Users\Home\Documents\Tesis\LagoUVG\Geant4\PruebaKinich\KinichAhau\include\Run.hh">
      <Filter>Header Files</Filter>
    </ClInclude>
    <ClInclude Include="C:\Users\Home\Documents\Tesis\LagoUVG\Geant4\PruebaKinich\KinichAhau\include\ScoreSpecies.hh">
      <Filter>Header Files</Filter>
    </ClInclude>
    <ClInclude Include="C:\Users\Home\Documents\Tesis\LagoUVG\Geant4\PruebaKinich\KinichAhau\include\TrackingAction.hh">
      <Filter>Header Files</Filter>
    </ClInclude>
    <ClInclude Include="C:\Users\Home\Documents\Tesis\LagoUVG\Geant4\PruebaKinich\KinichAhau\include\TrackingMessenger.hh">
      <Filter>Header Files</Filter>
    </ClInclude>
  </ItemGroup>
  <ItemGroup>
    <CustomBuild Include="C:\Users\Home\Documents\Tesis\LagoUVG\Geant4\PruebaKinich\KinichAhau\CMakeLists.txt" />
  </ItemGroup>
  <ItemGroup>
    <Filter Include="Header Files">
      <UniqueIdentifier>{861108CA-5799-3D06-AF11-647285A1199E}</UniqueIdentifier>
    </Filter>
    <Filter Include="Source Files">
      <UniqueIdentifier>{CB62A90F-8B1B-3324-9AB5-0FA1ADB98C1E}</UniqueIdentifier>
    </Filter>
  </ItemGroup>
</Project>
