<?xml version="1.0" encoding="utf-8"?>
<Project ToolsVersion="16.0" xmlns="http://schemas.microsoft.com/developer/msbuild/2003">
  <ItemGroup>
    <CustomBuild Include="C:\Users\Home\Documents\Tesis\LagoUVG\Geant4\PruebaKinich\KinichAhau-build\CMakeFiles\e5953f527de9087716e3dee91184bf14\generate.stamp.rule">
      <Filter>CMake Rules</Filter>
    </CustomBuild>
  </ItemGroup>
  <ItemGroup>
    <Filter Include="CMake Rules">
      <UniqueIdentifier>{6ADF9BE7-315E-3B72-BC08-F3C7175D4B5E}</UniqueIdentifier>
    </Filter>
  </ItemGroup>
</Project>
